
Microsoft Visual Studio Solution File, Format Version 12.00
# Visual Studio Version 17
VisualStudioVersion = 17.7.34221.43
MinimumVisualStudioVersion = 10.0.40219.1
Project("{9A19103F-16F7-4668-BE54-9A1E7A4F7556}") = "ABCHardwareWebApplication", "ABCHardwareWebApplication.csproj", "{EEAECDC5-39D1-49C5-9382-4E683E9ABD3C}"
EndProject
Global
	GlobalSection(SolutionConfigurationPlatforms) = preSolution
		Debug|Any CPU = Debug|Any CPU
		Release|Any CPU = Release|Any CPU
	EndGlobalSection
	GlobalSection(ProjectConfigurationPlatforms) = postSolution
		{EEAECDC5-39D1-49C5-9382-4E683E9ABD3C}.Debug|Any CPU.ActiveCfg = Debug|Any CPU
		{EEAECDC5-39D1-49C5-9382-4E683E9ABD3C}.Debug|Any CPU.Build.0 = Debug|Any CPU
		{EEAECDC5-39D1-49C5-9382-4E683E9ABD3C}.Release|Any CPU.ActiveCfg = Release|Any CPU
		{EEAECDC5-39D1-49C5-9382-4E683E9ABD3C}.Release|Any CPU.Build.0 = Release|Any CPU
	EndGlobalSection
	GlobalSection(SolutionProperties) = preSolution
		HideSolutionNode = FALSE
	EndGlobalSection
	GlobalSection(ExtensibilityGlobals) = postSolution
		SolutionGuid = {56CB9644-6837-4341-9787-9C521E220CFC}
	EndGlobalSection
EndGlobal
